
Microsoft Visual Studio Solution File, Format Version 12.00
# Visual Studio Version 16
VisualStudioVersion = 16.0.33423.256
MinimumVisualStudioVersion = 10.0.40219.1
Project("{FAE04EC0-301F-11D3-BF4B-00C04F79EFBC}") = "ConsoleApp2", "ConsoleApp2\ConsoleApp2.csproj", "{B7DCD433-73EE-4663-BA3F-4F4D38143A8F}"
EndProject
Global
	GlobalSection(SolutionConfigurationPlatforms) = preSolution
		Debug|Any CPU = Debug|Any CPU
		Release|Any CPU = Release|Any CPU
	EndGlobalSection
	GlobalSection(ProjectConfigurationPlatforms) = postSolution
		{B7DCD433-73EE-4663-BA3F-4F4D38143A8F}.Debug|Any CPU.ActiveCfg = Debug|Any CPU
		{B7DCD433-73EE-4663-BA3F-4F4D38143A8F}.Debug|Any CPU.Build.0 = Debug|Any CPU
		{B7DCD433-73EE-4663-BA3F-4F4D38143A8F}.Release|Any CPU.ActiveCfg = Release|Any CPU
		{B7DCD433-73EE-4663-BA3F-4F4D38143A8F}.Release|Any CPU.Build.0 = Release|Any CPU
	EndGlobalSection
	GlobalSection(SolutionProperties) = preSolution
		HideSolutionNode = FALSE
	EndGlobalSection
	GlobalSection(ExtensibilityGlobals) = postSolution
		SolutionGuid = {907CFF30-C4A6-45ED-869D-A9151D74A610}
	EndGlobalSection
EndGlobal
